
Microsoft Visual Studio Solution File, Format Version 12.00
# Visual Studio 14
VisualStudioVersion = 14.0.25420.1
MinimumVisualStudioVersion = 10.0.40219.1
Project("{8BC9CEB8-8B4A-11D0-8D11-00A0C91BC942}") = "WDM-DKOM", "WDM-DKOM\WDM-DKOM.vcxproj", "{606C4F8B-CBB3-4AB8-9EC9-AA7B38EE9489}"
	ProjectSection(ProjectDependencies) = postProject
		{35CB170E-765C-4FE4-B226-4793868E09A3} = {35CB170E-765C-4FE4-B226-4793868E09A3}
	EndProjectSection
EndProject
Project("{8BC9CEB8-8B4A-11D0-8D11-00A0C91BC942}") = "DriverCommunicator", "DriverCommunicator\DriverCommunicator.vcxproj", "{35CB170E-765C-4FE4-B226-4793868E09A3}"
EndProject
Project("{FAE04EC0-301F-11D3-BF4B-00C04F79EFBC}") = "Manager", "Manager\Manager.csproj", "{CC6E4F10-0A0B-4C47-ABB1-F76ADC2AED78}"
EndProject
Project("{888888A0-9F3D-457C-B088-3A5042F75D52}") = "Communication", "..\..\communication\Communication.pyproj", "{228FD0D3-EB10-4F7B-A10D-B698117E5426}"
EndProject
Project("{888888A0-9F3D-457C-B088-3A5042F75D52}") = "DirectoryServer", "..\..\..\directory server\DirectoryServer.pyproj", "{1CE8FFC8-9A83-4C4F-B107-6D2E1BE857F6}"
EndProject
Project("{2150E333-8FDC-42A3-9474-1A3956D46DE8}") = "node", "node", "{E941D00E-8217-471D-8ABE-D50C0B7EB8C4}"
	ProjectSection(SolutionItems) = preProject
		formats.list = formats.list
	EndProjectSection
EndProject
Project("{2150E333-8FDC-42A3-9474-1A3956D46DE8}") = "dir server", "dir server", "{91AEC57F-56AE-4945-8E97-01D07A591C06}"
EndProject
Project("{888888A0-9F3D-457C-B088-3A5042F75D52}") = "Decider", "decider\Decider.pyproj", "{5C1A2377-0F5F-48FB-95CF-193F228DA30E}"
EndProject
Project("{54435603-DBB4-11D2-8724-00A0C9A8B90C}") = "Installer", "Installer\Installer.vdproj", "{D6AAEE88-B70C-4A48-8AD1-3585F1735728}"
EndProject
Project("{2150E333-8FDC-42A3-9474-1A3956D46DE8}") = "installer", "installer", "{A6410F71-58BC-447F-BF78-D3D1EEF390D4}"
EndProject
Project("{8BC9CEB8-8B4A-11D0-8D11-00A0C91BC942}") = "Setup", "Setup\Setup.vcxproj", "{FAE86DBE-CBD9-4172-A342-87F21B2601EA}"
EndProject
Project("{888888A0-9F3D-457C-B088-3A5042F75D52}") = "Database", "DataBase\Database.pyproj", "{DDCF8716-2945-4D11-BD85-EA946D54A83D}"
EndProject
Project("{2150E333-8FDC-42A3-9474-1A3956D46DE8}") = "admin", "admin", "{0AC7818A-8B38-4354-BECB-E91F8833C35F}"
EndProject
Project("{888888A0-9F3D-457C-B088-3A5042F75D52}") = "Controller", "Controller\Controller.pyproj", "{4AE536D1-770C-4518-8700-68F32C5855FD}"
EndProject
Project("{888888A0-9F3D-457C-B088-3A5042F75D52}") = "ControllerConnection", "ControllerConnection\ControllerConnection.pyproj", "{42733C69-809F-4795-99E2-C433C752782B}"
EndProject
Global
	GlobalSection(SolutionConfigurationPlatforms) = preSolution
		Debug|Any CPU = Debug|Any CPU
		Debug|ARM = Debug|ARM
		Debug|ARM64 = Debug|ARM64
		Debug|x64 = Debug|x64
		Debug|x86 = Debug|x86
		Release|Any CPU = Release|Any CPU
		Release|ARM = Release|ARM
		Release|ARM64 = Release|ARM64
		Release|x64 = Release|x64
		Release|x86 = Release|x86
	EndGlobalSection
	GlobalSection(ProjectConfigurationPlatforms) = postSolution
		{606C4F8B-CBB3-4AB8-9EC9-AA7B38EE9489}.Debug|Any CPU.ActiveCfg = Debug|Win32
		{606C4F8B-CBB3-4AB8-9EC9-AA7B38EE9489}.Debug|ARM.ActiveCfg = Debug|ARM
		{606C4F8B-CBB3-4AB8-9EC9-AA7B38EE9489}.Debug|ARM.Build.0 = Debug|ARM
		{606C4F8B-CBB3-4AB8-9EC9-AA7B38EE9489}.Debug|ARM.Deploy.0 = Debug|ARM
		{606C4F8B-CBB3-4AB8-9EC9-AA7B38EE9489}.Debug|ARM64.ActiveCfg = Debug|ARM64
		{606C4F8B-CBB3-4AB8-9EC9-AA7B38EE9489}.Debug|ARM64.Build.0 = Debug|ARM64
		{606C4F8B-CBB3-4AB8-9EC9-AA7B38EE9489}.Debug|ARM64.Deploy.0 = Debug|ARM64
		{606C4F8B-CBB3-4AB8-9EC9-AA7B38EE9489}.Debug|x64.ActiveCfg = Debug|x64
		{606C4F8B-CBB3-4AB8-9EC9-AA7B38EE9489}.Debug|x64.Build.0 = Debug|x64
		{606C4F8B-CBB3-4AB8-9EC9-AA7B38EE9489}.Debug|x64.Deploy.0 = Debug|x64
		{606C4F8B-CBB3-4AB8-9EC9-AA7B38EE9489}.Debug|x86.ActiveCfg = Debug|Win32
		{606C4F8B-CBB3-4AB8-9EC9-AA7B38EE9489}.Debug|x86.Build.0 = Debug|Win32
		{606C4F8B-CBB3-4AB8-9EC9-AA7B38EE9489}.Debug|x86.Deploy.0 = Debug|Win32
		{606C4F8B-CBB3-4AB8-9EC9-AA7B38EE9489}.Release|Any CPU.ActiveCfg = Release|Win32
		{606C4F8B-CBB3-4AB8-9EC9-AA7B38EE9489}.Release|ARM.ActiveCfg = Release|ARM
		{606C4F8B-CBB3-4AB8-9EC9-AA7B38EE9489}.Release|ARM.Build.0 = Release|ARM
		{606C4F8B-CBB3-4AB8-9EC9-AA7B38EE9489}.Release|ARM.Deploy.0 = Release|ARM
		{606C4F8B-CBB3-4AB8-9EC9-AA7B38EE9489}.Release|ARM64.ActiveCfg = Release|ARM64
		{606C4F8B-CBB3-4AB8-9EC9-AA7B38EE9489}.Release|ARM64.Build.0 = Release|ARM64
		{606C4F8B-CBB3-4AB8-9EC9-AA7B38EE9489}.Release|ARM64.Deploy.0 = Release|ARM64
		{606C4F8B-CBB3-4AB8-9EC9-AA7B38EE9489}.Release|x64.ActiveCfg = Release|x64
		{606C4F8B-CBB3-4AB8-9EC9-AA7B38EE9489}.Release|x64.Build.0 = Release|x64
		{606C4F8B-CBB3-4AB8-9EC9-AA7B38EE9489}.Release|x86.ActiveCfg = Release|Win32
		{606C4F8B-CBB3-4AB8-9EC9-AA7B38EE9489}.Release|x86.Build.0 = Release|Win32
		{35CB170E-765C-4FE4-B226-4793868E09A3}.Debug|Any CPU.ActiveCfg = Debug|Win32
		{35CB170E-765C-4FE4-B226-4793868E09A3}.Debug|ARM.ActiveCfg = Debug|ARM
		{35CB170E-765C-4FE4-B226-4793868E09A3}.Debug|ARM.Build.0 = Debug|ARM
		{35CB170E-765C-4FE4-B226-4793868E09A3}.Debug|ARM64.ActiveCfg = Debug|ARM64
		{35CB170E-765C-4FE4-B226-4793868E09A3}.Debug|ARM64.Build.0 = Debug|ARM64
		{35CB170E-765C-4FE4-B226-4793868E09A3}.Debug|x64.ActiveCfg = Debug|x64
		{35CB170E-765C-4FE4-B226-4793868E09A3}.Debug|x64.Build.0 = Debug|x64
		{35CB170E-765C-4FE4-B226-4793868E09A3}.Debug|x64.Deploy.0 = Debug|x64
		{35CB170E-765C-4FE4-B226-4793868E09A3}.Debug|x86.ActiveCfg = Debug|Win32
		{35CB170E-765C-4FE4-B226-4793868E09A3}.Debug|x86.Build.0 = Debug|Win32
		{35CB170E-765C-4FE4-B226-4793868E09A3}.Release|Any CPU.ActiveCfg = Release|Win32
		{35CB170E-765C-4FE4-B226-4793868E09A3}.Release|ARM.ActiveCfg = Release|ARM
		{35CB170E-765C-4FE4-B226-4793868E09A3}.Release|ARM.Build.0 = Release|ARM
		{35CB170E-765C-4FE4-B226-4793868E09A3}.Release|ARM64.ActiveCfg = Release|ARM64
		{35CB170E-765C-4FE4-B226-4793868E09A3}.Release|ARM64.Build.0 = Release|ARM64
		{35CB170E-765C-4FE4-B226-4793868E09A3}.Release|x64.ActiveCfg = Release|x64
		{35CB170E-765C-4FE4-B226-4793868E09A3}.Release|x64.Build.0 = Release|x64
		{35CB170E-765C-4FE4-B226-4793868E09A3}.Release|x86.ActiveCfg = Release|Win32
		{35CB170E-765C-4FE4-B226-4793868E09A3}.Release|x86.Build.0 = Release|Win32
		{CC6E4F10-0A0B-4C47-ABB1-F76ADC2AED78}.Debug|Any CPU.ActiveCfg = Debug|Any CPU
		{CC6E4F10-0A0B-4C47-ABB1-F76ADC2AED78}.Debug|Any CPU.Build.0 = Debug|Any CPU
		{CC6E4F10-0A0B-4C47-ABB1-F76ADC2AED78}.Debug|ARM.ActiveCfg = Debug|Any CPU
		{CC6E4F10-0A0B-4C47-ABB1-F76ADC2AED78}.Debug|ARM.Build.0 = Debug|Any CPU
		{CC6E4F10-0A0B-4C47-ABB1-F76ADC2AED78}.Debug|ARM64.ActiveCfg = Debug|Any CPU
		{CC6E4F10-0A0B-4C47-ABB1-F76ADC2AED78}.Debug|ARM64.Build.0 = Debug|Any CPU
		{CC6E4F10-0A0B-4C47-ABB1-F76ADC2AED78}.Debug|x64.ActiveCfg = Debug|Any CPU
		{CC6E4F10-0A0B-4C47-ABB1-F76ADC2AED78}.Debug|x64.Build.0 = Debug|Any CPU
		{CC6E4F10-0A0B-4C47-ABB1-F76ADC2AED78}.Debug|x86.ActiveCfg = Debug|Any CPU
		{CC6E4F10-0A0B-4C47-ABB1-F76ADC2AED78}.Debug|x86.Build.0 = Debug|Any CPU
		{CC6E4F10-0A0B-4C47-ABB1-F76ADC2AED78}.Release|Any CPU.ActiveCfg = Release|Any CPU
		{CC6E4F10-0A0B-4C47-ABB1-F76ADC2AED78}.Release|Any CPU.Build.0 = Release|Any CPU
		{CC6E4F10-0A0B-4C47-ABB1-F76ADC2AED78}.Release|ARM.ActiveCfg = Release|Any CPU
		{CC6E4F10-0A0B-4C47-ABB1-F76ADC2AED78}.Release|ARM.Build.0 = Release|Any CPU
		{CC6E4F10-0A0B-4C47-ABB1-F76ADC2AED78}.Release|ARM64.ActiveCfg = Release|Any CPU
		{CC6E4F10-0A0B-4C47-ABB1-F76ADC2AED78}.Release|ARM64.Build.0 = Release|Any CPU
		{CC6E4F10-0A0B-4C47-ABB1-F76ADC2AED78}.Release|x64.ActiveCfg = Release|Any CPU
		{CC6E4F10-0A0B-4C47-ABB1-F76ADC2AED78}.Release|x64.Build.0 = Release|Any CPU
		{CC6E4F10-0A0B-4C47-ABB1-F76ADC2AED78}.Release|x86.ActiveCfg = Release|Any CPU
		{CC6E4F10-0A0B-4C47-ABB1-F76ADC2AED78}.Release|x86.Build.0 = Release|Any CPU
		{228FD0D3-EB10-4F7B-A10D-B698117E5426}.Debug|Any CPU.ActiveCfg = Debug|Any CPU
		{228FD0D3-EB10-4F7B-A10D-B698117E5426}.Debug|ARM.ActiveCfg = Debug|Any CPU
		{228FD0D3-EB10-4F7B-A10D-B698117E5426}.Debug|ARM64.ActiveCfg = Debug|Any CPU
		{228FD0D3-EB10-4F7B-A10D-B698117E5426}.Debug|x64.ActiveCfg = Debug|Any CPU
		{228FD0D3-EB10-4F7B-A10D-B698117E5426}.Debug|x86.ActiveCfg = Debug|Any CPU
		{228FD0D3-EB10-4F7B-A10D-B698117E5426}.Release|Any CPU.ActiveCfg = Release|Any CPU
		{228FD0D3-EB10-4F7B-A10D-B698117E5426}.Release|ARM.ActiveCfg = Release|Any CPU
		{228FD0D3-EB10-4F7B-A10D-B698117E5426}.Release|ARM64.ActiveCfg = Release|Any CPU
		{228FD0D3-EB10-4F7B-A10D-B698117E5426}.Release|x64.ActiveCfg = Release|Any CPU
		{228FD0D3-EB10-4F7B-A10D-B698117E5426}.Release|x86.ActiveCfg = Release|Any CPU
		{1CE8FFC8-9A83-4C4F-B107-6D2E1BE857F6}.Debug|Any CPU.ActiveCfg = Debug|Any CPU
		{1CE8FFC8-9A83-4C4F-B107-6D2E1BE857F6}.Debug|ARM.ActiveCfg = Debug|Any CPU
		{1CE8FFC8-9A83-4C4F-B107-6D2E1BE857F6}.Debug|ARM64.ActiveCfg = Debug|Any CPU
		{1CE8FFC8-9A83-4C4F-B107-6D2E1BE857F6}.Debug|x64.ActiveCfg = Debug|Any CPU
		{1CE8FFC8-9A83-4C4F-B107-6D2E1BE857F6}.Debug|x86.ActiveCfg = Debug|Any CPU
		{1CE8FFC8-9A83-4C4F-B107-6D2E1BE857F6}.Release|Any CPU.ActiveCfg = Release|Any CPU
		{1CE8FFC8-9A83-4C4F-B107-6D2E1BE857F6}.Release|ARM.ActiveCfg = Release|Any CPU
		{1CE8FFC8-9A83-4C4F-B107-6D2E1BE857F6}.Release|ARM64.ActiveCfg = Release|Any CPU
		{1CE8FFC8-9A83-4C4F-B107-6D2E1BE857F6}.Release|x64.ActiveCfg = Release|Any CPU
		{1CE8FFC8-9A83-4C4F-B107-6D2E1BE857F6}.Release|x86.ActiveCfg = Release|Any CPU
		{5C1A2377-0F5F-48FB-95CF-193F228DA30E}.Debug|Any CPU.ActiveCfg = Debug|Any CPU
		{5C1A2377-0F5F-48FB-95CF-193F228DA30E}.Debug|ARM.ActiveCfg = Debug|Any CPU
		{5C1A2377-0F5F-48FB-95CF-193F228DA30E}.Debug|ARM64.ActiveCfg = Debug|Any CPU
		{5C1A2377-0F5F-48FB-95CF-193F228DA30E}.Debug|x64.ActiveCfg = Debug|Any CPU
		{5C1A2377-0F5F-48FB-95CF-193F228DA30E}.Debug|x86.ActiveCfg = Debug|Any CPU
		{5C1A2377-0F5F-48FB-95CF-193F228DA30E}.Release|Any CPU.ActiveCfg = Release|Any CPU
		{5C1A2377-0F5F-48FB-95CF-193F228DA30E}.Release|ARM.ActiveCfg = Release|Any CPU
		{5C1A2377-0F5F-48FB-95CF-193F228DA30E}.Release|ARM64.ActiveCfg = Release|Any CPU
		{5C1A2377-0F5F-48FB-95CF-193F228DA30E}.Release|x64.ActiveCfg = Release|Any CPU
		{5C1A2377-0F5F-48FB-95CF-193F228DA30E}.Release|x86.ActiveCfg = Release|Any CPU
		{D6AAEE88-B70C-4A48-8AD1-3585F1735728}.Debug|Any CPU.ActiveCfg = Debug
		{D6AAEE88-B70C-4A48-8AD1-3585F1735728}.Debug|ARM.ActiveCfg = Debug
		{D6AAEE88-B70C-4A48-8AD1-3585F1735728}.Debug|ARM64.ActiveCfg = Debug
		{D6AAEE88-B70C-4A48-8AD1-3585F1735728}.Debug|x64.ActiveCfg = Debug
		{D6AAEE88-B70C-4A48-8AD1-3585F1735728}.Debug|x86.ActiveCfg = Debug
		{D6AAEE88-B70C-4A48-8AD1-3585F1735728}.Release|Any CPU.ActiveCfg = Release
		{D6AAEE88-B70C-4A48-8AD1-3585F1735728}.Release|ARM.ActiveCfg = Release
		{D6AAEE88-B70C-4A48-8AD1-3585F1735728}.Release|ARM64.ActiveCfg = Release
		{D6AAEE88-B70C-4A48-8AD1-3585F1735728}.Release|x64.ActiveCfg = Release
		{D6AAEE88-B70C-4A48-8AD1-3585F1735728}.Release|x86.ActiveCfg = Release
		{FAE86DBE-CBD9-4172-A342-87F21B2601EA}.Debug|Any CPU.ActiveCfg = Debug|Win32
		{FAE86DBE-CBD9-4172-A342-87F21B2601EA}.Debug|ARM.ActiveCfg = Debug|Win32
		{FAE86DBE-CBD9-4172-A342-87F21B2601EA}.Debug|ARM64.ActiveCfg = Debug|Win32
		{FAE86DBE-CBD9-4172-A342-87F21B2601EA}.Debug|x64.ActiveCfg = Debug|x64
		{FAE86DBE-CBD9-4172-A342-87F21B2601EA}.Debug|x64.Build.0 = Debug|x64
		{FAE86DBE-CBD9-4172-A342-87F21B2601EA}.Debug|x86.ActiveCfg = Debug|Win32
		{FAE86DBE-CBD9-4172-A342-87F21B2601EA}.Debug|x86.Build.0 = Debug|Win32
		{FAE86DBE-CBD9-4172-A342-87F21B2601EA}.Release|Any CPU.ActiveCfg = Release|Win32
		{FAE86DBE-CBD9-4172-A342-87F21B2601EA}.Release|ARM.ActiveCfg = Release|Win32
		{FAE86DBE-CBD9-4172-A342-87F21B2601EA}.Release|ARM64.ActiveCfg = Release|Win32
		{FAE86DBE-CBD9-4172-A342-87F21B2601EA}.Release|x64.ActiveCfg = Release|x64
		{FAE86DBE-CBD9-4172-A342-87F21B2601EA}.Release|x64.Build.0 = Release|x64
		{FAE86DBE-CBD9-4172-A342-87F21B2601EA}.Release|x86.ActiveCfg = Release|Win32
		{FAE86DBE-CBD9-4172-A342-87F21B2601EA}.Release|x86.Build.0 = Release|Win32
		{DDCF8716-2945-4D11-BD85-EA946D54A83D}.Debug|Any CPU.ActiveCfg = Debug|Any CPU
		{DDCF8716-2945-4D11-BD85-EA946D54A83D}.Debug|ARM.ActiveCfg = Debug|Any CPU
		{DDCF8716-2945-4D11-BD85-EA946D54A83D}.Debug|ARM64.ActiveCfg = Debug|Any CPU
		{DDCF8716-2945-4D11-BD85-EA946D54A83D}.Debug|x64.ActiveCfg = Debug|Any CPU
		{DDCF8716-2945-4D11-BD85-EA946D54A83D}.Debug|x86.ActiveCfg = Debug|Any CPU
		{DDCF8716-2945-4D11-BD85-EA946D54A83D}.Release|Any CPU.ActiveCfg = Release|Any CPU
		{DDCF8716-2945-4D11-BD85-EA946D54A83D}.Release|ARM.ActiveCfg = Release|Any CPU
		{DDCF8716-2945-4D11-BD85-EA946D54A83D}.Release|ARM64.ActiveCfg = Release|Any CPU
		{DDCF8716-2945-4D11-BD85-EA946D54A83D}.Release|x64.ActiveCfg = Release|Any CPU
		{DDCF8716-2945-4D11-BD85-EA946D54A83D}.Release|x86.ActiveCfg = Release|Any CPU
		{4AE536D1-770C-4518-8700-68F32C5855FD}.Debug|Any CPU.ActiveCfg = Debug|Any CPU
		{4AE536D1-770C-4518-8700-68F32C5855FD}.Debug|ARM.ActiveCfg = Debug|Any CPU
		{4AE536D1-770C-4518-8700-68F32C5855FD}.Debug|ARM64.ActiveCfg = Debug|Any CPU
		{4AE536D1-770C-4518-8700-68F32C5855FD}.Debug|x64.ActiveCfg = Debug|Any CPU
		{4AE536D1-770C-4518-8700-68F32C5855FD}.Debug|x86.ActiveCfg = Debug|Any CPU
		{4AE536D1-770C-4518-8700-68F32C5855FD}.Release|Any CPU.ActiveCfg = Release|Any CPU
		{4AE536D1-770C-4518-8700-68F32C5855FD}.Release|ARM.ActiveCfg = Release|Any CPU
		{4AE536D1-770C-4518-8700-68F32C5855FD}.Release|ARM64.ActiveCfg = Release|Any CPU
		{4AE536D1-770C-4518-8700-68F32C5855FD}.Release|x64.ActiveCfg = Release|Any CPU
		{4AE536D1-770C-4518-8700-68F32C5855FD}.Release|x86.ActiveCfg = Release|Any CPU
		{42733C69-809F-4795-99E2-C433C752782B}.Debug|Any CPU.ActiveCfg = Debug|Any CPU
		{42733C69-809F-4795-99E2-C433C752782B}.Debug|ARM.ActiveCfg = Debug|Any CPU
		{42733C69-809F-4795-99E2-C433C752782B}.Debug|ARM64.ActiveCfg = Debug|Any CPU
		{42733C69-809F-4795-99E2-C433C752782B}.Debug|x64.ActiveCfg = Debug|Any CPU
		{42733C69-809F-4795-99E2-C433C752782B}.Debug|x86.ActiveCfg = Debug|Any CPU
		{42733C69-809F-4795-99E2-C433C752782B}.Release|Any CPU.ActiveCfg = Release|Any CPU
		{42733C69-809F-4795-99E2-C433C752782B}.Release|ARM.ActiveCfg = Release|Any CPU
		{42733C69-809F-4795-99E2-C433C752782B}.Release|ARM64.ActiveCfg = Release|Any CPU
		{42733C69-809F-4795-99E2-C433C752782B}.Release|x64.ActiveCfg = Release|Any CPU
		{42733C69-809F-4795-99E2-C433C752782B}.Release|x86.ActiveCfg = Release|Any CPU
	EndGlobalSection
	GlobalSection(SolutionProperties) = preSolution
		HideSolutionNode = FALSE
	EndGlobalSection
	GlobalSection(NestedProjects) = preSolution
		{606C4F8B-CBB3-4AB8-9EC9-AA7B38EE9489} = {E941D00E-8217-471D-8ABE-D50C0B7EB8C4}
		{35CB170E-765C-4FE4-B226-4793868E09A3} = {E941D00E-8217-471D-8ABE-D50C0B7EB8C4}
		{CC6E4F10-0A0B-4C47-ABB1-F76ADC2AED78} = {E941D00E-8217-471D-8ABE-D50C0B7EB8C4}
		{228FD0D3-EB10-4F7B-A10D-B698117E5426} = {E941D00E-8217-471D-8ABE-D50C0B7EB8C4}
		{1CE8FFC8-9A83-4C4F-B107-6D2E1BE857F6} = {91AEC57F-56AE-4945-8E97-01D07A591C06}
		{5C1A2377-0F5F-48FB-95CF-193F228DA30E} = {E941D00E-8217-471D-8ABE-D50C0B7EB8C4}
		{D6AAEE88-B70C-4A48-8AD1-3585F1735728} = {A6410F71-58BC-447F-BF78-D3D1EEF390D4}
		{A6410F71-58BC-447F-BF78-D3D1EEF390D4} = {E941D00E-8217-471D-8ABE-D50C0B7EB8C4}
		{FAE86DBE-CBD9-4172-A342-87F21B2601EA} = {A6410F71-58BC-447F-BF78-D3D1EEF390D4}
		{DDCF8716-2945-4D11-BD85-EA946D54A83D} = {E941D00E-8217-471D-8ABE-D50C0B7EB8C4}
		{0AC7818A-8B38-4354-BECB-E91F8833C35F} = {E941D00E-8217-471D-8ABE-D50C0B7EB8C4}
		{4AE536D1-770C-4518-8700-68F32C5855FD} = {0AC7818A-8B38-4354-BECB-E91F8833C35F}
		{42733C69-809F-4795-99E2-C433C752782B} = {0AC7818A-8B38-4354-BECB-E91F8833C35F}
	EndGlobalSection
EndGlobal
